
Microsoft Visual Studio Solution File, Format Version 12.00
# Visual Studio Version 17
VisualStudioVersion = 17.5.33414.496
MinimumVisualStudioVersion = 10.0.40219.1
Project("{FAE04EC0-301F-11D3-BF4B-00C04F79EFBC}") = "ilkApp", "ilkApp.csproj", "{31A4BE5B-FBC8-499D-9B2F-70F593E76F07}"
EndProject
Global
	GlobalSection(SolutionConfigurationPlatforms) = preSolution
		Debug|Any CPU = Debug|Any CPU
		Release|Any CPU = Release|Any CPU
	EndGlobalSection
	GlobalSection(ProjectConfigurationPlatforms) = postSolution
		{31A4BE5B-FBC8-499D-9B2F-70F593E76F07}.Debug|Any CPU.ActiveCfg = Debug|Any CPU
		{31A4BE5B-FBC8-499D-9B2F-70F593E76F07}.Debug|Any CPU.Build.0 = Debug|Any CPU
		{31A4BE5B-FBC8-499D-9B2F-70F593E76F07}.Release|Any CPU.ActiveCfg = Release|Any CPU
		{31A4BE5B-FBC8-499D-9B2F-70F593E76F07}.Release|Any CPU.Build.0 = Release|Any CPU
	EndGlobalSection
	GlobalSection(SolutionProperties) = preSolution
		HideSolutionNode = FALSE
	EndGlobalSection
	GlobalSection(ExtensibilityGlobals) = postSolution
		SolutionGuid = {EE05331F-4256-4C6F-8F7A-7769D12A1590}
	EndGlobalSection
EndGlobal
